
Microsoft Visual Studio Solution File, Format Version 12.00
# Visual Studio Version 16
VisualStudioVersion = 16.0.31702.278
MinimumVisualStudioVersion = 10.0.40219.1
Project("{FAE04EC0-301F-11D3-BF4B-00C04F79EFBC}") = "Lab23", "Lab23\Lab23.csproj", "{68FF7098-2704-4980-AFEE-5DD5C81D28EB}"
EndProject
Global
	GlobalSection(SolutionConfigurationPlatforms) = preSolution
		Debug|Any CPU = Debug|Any CPU
		Release|Any CPU = Release|Any CPU
	EndGlobalSection
	GlobalSection(ProjectConfigurationPlatforms) = postSolution
		{68FF7098-2704-4980-AFEE-5DD5C81D28EB}.Debug|Any CPU.ActiveCfg = Debug|Any CPU
		{68FF7098-2704-4980-AFEE-5DD5C81D28EB}.Debug|Any CPU.Build.0 = Debug|Any CPU
		{68FF7098-2704-4980-AFEE-5DD5C81D28EB}.Release|Any CPU.ActiveCfg = Release|Any CPU
		{68FF7098-2704-4980-AFEE-5DD5C81D28EB}.Release|Any CPU.Build.0 = Release|Any CPU
	EndGlobalSection
	GlobalSection(SolutionProperties) = preSolution
		HideSolutionNode = FALSE
	EndGlobalSection
	GlobalSection(ExtensibilityGlobals) = postSolution
		SolutionGuid = {255C5C5C-714A-4764-AECA-0E2F564A2259}
	EndGlobalSection
EndGlobal
